
Microsoft Visual Studio Solution File, Format Version 12.00
# Visual Studio 14
VisualStudioVersion = 14.0.25123.0
MinimumVisualStudioVersion = 10.0.40219.1
Project("{FAE04EC0-301F-11D3-BF4B-00C04F79EFBC}") = "UniqUDAL", "UniqUDAL\UniqUDAL.csproj", "{C5C48379-9FEC-4D42-AE2C-9280D56D28DA}"
EndProject
Project("{FAE04EC0-301F-11D3-BF4B-00C04F79EFBC}") = "UniqUDbManager", "UniqUDbCreator\UniqUDbManager.csproj", "{87A6764C-2FDB-424B-B843-CA1BF97DDE41}"
EndProject
Project("{FAE04EC0-301F-11D3-BF4B-00C04F79EFBC}") = "UniqUDomainModel", "UniqUDomainModel\UniqUDomainModel.csproj", "{B5BD4D57-2165-4505-A19B-0BB6FDCEB009}"
EndProject
Project("{FAE04EC0-301F-11D3-BF4B-00C04F79EFBC}") = "ServiceTestingBL", "ServiceTestingBL\ServiceTestingBL.csproj", "{CC0BB458-84C8-4038-8D08-9EF521FEC4D7}"
EndProject
Global
	GlobalSection(SolutionConfigurationPlatforms) = preSolution
		Debug|Any CPU = Debug|Any CPU
		Release|Any CPU = Release|Any CPU
	EndGlobalSection
	GlobalSection(ProjectConfigurationPlatforms) = postSolution
		{C5C48379-9FEC-4D42-AE2C-9280D56D28DA}.Debug|Any CPU.ActiveCfg = Debug|Any CPU
		{C5C48379-9FEC-4D42-AE2C-9280D56D28DA}.Debug|Any CPU.Build.0 = Debug|Any CPU
		{C5C48379-9FEC-4D42-AE2C-9280D56D28DA}.Release|Any CPU.ActiveCfg = Release|Any CPU
		{C5C48379-9FEC-4D42-AE2C-9280D56D28DA}.Release|Any CPU.Build.0 = Release|Any CPU
		{87A6764C-2FDB-424B-B843-CA1BF97DDE41}.Debug|Any CPU.ActiveCfg = Debug|Any CPU
		{87A6764C-2FDB-424B-B843-CA1BF97DDE41}.Debug|Any CPU.Build.0 = Debug|Any CPU
		{87A6764C-2FDB-424B-B843-CA1BF97DDE41}.Release|Any CPU.ActiveCfg = Release|Any CPU
		{87A6764C-2FDB-424B-B843-CA1BF97DDE41}.Release|Any CPU.Build.0 = Release|Any CPU
		{B5BD4D57-2165-4505-A19B-0BB6FDCEB009}.Debug|Any CPU.ActiveCfg = Debug|Any CPU
		{B5BD4D57-2165-4505-A19B-0BB6FDCEB009}.Debug|Any CPU.Build.0 = Debug|Any CPU
		{B5BD4D57-2165-4505-A19B-0BB6FDCEB009}.Release|Any CPU.ActiveCfg = Release|Any CPU
		{B5BD4D57-2165-4505-A19B-0BB6FDCEB009}.Release|Any CPU.Build.0 = Release|Any CPU
		{CC0BB458-84C8-4038-8D08-9EF521FEC4D7}.Debug|Any CPU.ActiveCfg = Debug|Any CPU
		{CC0BB458-84C8-4038-8D08-9EF521FEC4D7}.Debug|Any CPU.Build.0 = Debug|Any CPU
		{CC0BB458-84C8-4038-8D08-9EF521FEC4D7}.Release|Any CPU.ActiveCfg = Release|Any CPU
		{CC0BB458-84C8-4038-8D08-9EF521FEC4D7}.Release|Any CPU.Build.0 = Release|Any CPU
	EndGlobalSection
	GlobalSection(SolutionProperties) = preSolution
		HideSolutionNode = FALSE
	EndGlobalSection
EndGlobal
